
Microsoft Visual Studio Solution File, Format Version 12.00
# Visual Studio Version 17
VisualStudioVersion = 17.14.37111.16 d17.14
MinimumVisualStudioVersion = 10.0.40219.1
Project("{FAE04EC0-301F-11D3-BF4B-00C04F79EFBC}") = "buttonPluginTest", "buttonPluginTest\buttonPluginTest.csproj", "{A10CEB29-62CF-4B75-8F33-D9DBFA4AF627}"
EndProject
Global
	GlobalSection(SolutionConfigurationPlatforms) = preSolution
		Debug|Any CPU = Debug|Any CPU
		Release|Any CPU = Release|Any CPU
	EndGlobalSection
	GlobalSection(ProjectConfigurationPlatforms) = postSolution
		{A10CEB29-62CF-4B75-8F33-D9DBFA4AF627}.Debug|Any CPU.ActiveCfg = Debug|Any CPU
		{A10CEB29-62CF-4B75-8F33-D9DBFA4AF627}.Debug|Any CPU.Build.0 = Debug|Any CPU
		{A10CEB29-62CF-4B75-8F33-D9DBFA4AF627}.Release|Any CPU.ActiveCfg = Release|Any CPU
		{A10CEB29-62CF-4B75-8F33-D9DBFA4AF627}.Release|Any CPU.Build.0 = Release|Any CPU
	EndGlobalSection
	GlobalSection(SolutionProperties) = preSolution
		HideSolutionNode = FALSE
	EndGlobalSection
	GlobalSection(ExtensibilityGlobals) = postSolution
		SolutionGuid = {96410D69-CC5D-4F7D-98CC-616632878FEA}
	EndGlobalSection
EndGlobal
